// !$*UTF8*$!
{
	archiveVersion = 1;
	classes = {
	};
	objectVersion = 46;
	objects = {

/* Begin PBXBuildFile section */
		10A457491E844A9F00A6E782 /* AppDelegate.swift in Sources */ = {isa = PBXBuildFile; fileRef = 10A457481E844A9F00A6E782 /* AppDelegate.swift */; };
		10A4574B1E844A9F00A6E782 /* ViewController.swift in Sources */ = {isa = PBXBuildFile; fileRef = 10A4574A1E844A9F00A6E782 /* ViewController.swift */; };
		10A4574E1E844A9F00A6E782 /* Main.storyboard in Resources */ = {isa = PBXBuildFile; fileRef = 10A4574C1E844A9F00A6E782 /* Main.storyboard */; };
		10A457501E844A9F00A6E782 /* Assets.xcassets in Resources */ = {isa = PBXBuildFile; fileRef = 10A4574F1E844A9F00A6E782 /* Assets.xcassets */; };
		10A457531E844A9F00A6E782 /* LaunchScreen.storyboard in Resources */ = {isa = PBXBuildFile; fileRef = 10A457511E844A9F00A6E782 /* LaunchScreen.storyboard */; };
		10A4575E1E844A9F00A6E782 /* _DA_EVA_9_SEGUETests.swift in Sources */ = {isa = PBXBuildFile; fileRef = 10A4575D1E844A9F00A6E782 /* _DA_EVA_9_SEGUETests.swift */; };
		10A457691E844A9F00A6E782 /* _DA_EVA_9_SEGUEUITests.swift in Sources */ = {isa = PBXBuildFile; fileRef = 10A457681E844A9F00A6E782 /* _DA_EVA_9_SEGUEUITests.swift */; };
		10A457771E844CD800A6E782 /* ViewControllerGreen.swift in Sources */ = {isa = PBXBuildFile; fileRef = 10A457761E844CD800A6E782 /* ViewControllerGreen.swift */; };
/* End PBXBuildFile section */

/* Begin PBXContainerItemProxy section */
		10A4575A1E844A9F00A6E782 /* PBXContainerItemProxy */ = {
			isa = PBXContainerItemProxy;
			containerPortal = 10A4573D1E844A9F00A6E782 /* Project object */;
			proxyType = 1;
			remoteGlobalIDString = 10A457441E844A9F00A6E782;
			remoteInfo = 2DA_EVA_9_SEGUE;
		};
		10A457651E844A9F00A6E782 /* PBXContainerItemProxy */ = {
			isa = PBXContainerItemProxy;
			containerPortal = 10A4573D1E844A9F00A6E782 /* Project object */;
			proxyType = 1;
			remoteGlobalIDString = 10A457441E844A9F00A6E782;
			remoteInfo = 2DA_EVA_9_SEGUE;
		};
/* End PBXContainerItemProxy section */

/* Begin PBXFileReference section */
		10A457451E844A9F00A6E782 /* 2DA_EVA_9_SEGUE.app */ = {isa = PBXFileReference; explicitFileType = wrapper.application; includeInIndex = 0; path = 2DA_EVA_9_SEGUE.app; sourceTree = BUILT_PRODUCTS_DIR; };
		10A457481E844A9F00A6E782 /* AppDelegate.swift */ = {isa = PBXFileReference; lastKnownFileType = sourcecode.swift; path = AppDelegate.swift; sourceTree = "<group>"; };
		10A4574A1E844A9F00A6E782 /* ViewController.swift */ = {isa = PBXFileReference; lastKnownFileType = sourcecode.swift; path = ViewController.swift; sourceTree = "<group>"; };
		10A4574D1E844A9F00A6E782 /* Base */ = {isa = PBXFileReference; lastKnownFileType = file.storyboard; name = Base; path = Base.lproj/Main.storyboard; sourceTree = "<group>"; };
		10A4574F1E844A9F00A6E782 /* Assets.xcassets */ = {isa = PBXFileReference; lastKnownFileType = folder.assetcatalog; path = Assets.xcassets; sourceTree = "<group>"; };
		10A457521E844A9F00A6E782 /* Base */ = {isa = PBXFileReference; lastKnownFileType = file.storyboard; name = Base; path = Base.lproj/LaunchScreen.storyboard; sourceTree = "<group>"; };
		10A457541E844A9F00A6E782 /* Info.plist */ = {isa = PBXFileReference; lastKnownFileType = text.plist.xml; path = Info.plist; sourceTree = "<group>"; };
		10A457591E844A9F00A6E782 /* 2DA_EVA_9_SEGUETests.xctest */ = {isa = PBXFileReference; explicitFileType = wrapper.cfbundle; includeInIndex = 0; path = 2DA_EVA_9_SEGUETests.xctest; sourceTree = BUILT_PRODUCTS_DIR; };
		10A4575D1E844A9F00A6E782 /* _DA_EVA_9_SEGUETests.swift */ = {isa = PBXFileReference; lastKnownFileType = sourcecode.swift; path = _DA_EVA_9_SEGUETests.swift; sourceTree = "<group>"; };
		10A4575F1E844A9F00A6E782 /* Info.plist */ = {isa = PBXFileReference; lastKnownFileType = text.plist.xml; path = Info.plist; sourceTree = "<group>"; };
		10A457641E844A9F00A6E782 /* 2DA_EVA_9_SEGUEUITests.xctest */ = {isa = PBXFileReference; explicitFileType = wrapper.cfbundle; includeInIndex = 0; path = 2DA_EVA_9_SEGUEUITests.xctest; sourceTree = BUILT_PRODUCTS_DIR; };
		10A457681E844A9F00A6E782 /* _DA_EVA_9_SEGUEUITests.swift */ = {isa = PBXFileReference; lastKnownFileType = sourcecode.swift; path = _DA_EVA_9_SEGUEUITests.swift; sourceTree = "<group>"; };
		10A4576A1E844A9F00A6E782 /* Info.plist */ = {isa = PBXFileReference; lastKnownFileType = text.plist.xml; path = Info.plist; sourceTree = "<group>"; };
		10A457761E844CD800A6E782 /* ViewControllerGreen.swift */ = {isa = PBXFileReference; fileEncoding = 4; lastKnownFileType = sourcecode.swift; path = ViewControllerGreen.swift; sourceTree = "<group>"; };
/* End PBXFileReference section */

/* Begin PBXFrameworksBuildPhase section */
		10A457421E844A9F00A6E782 /* Frameworks */ = {
			isa = PBXFrameworksBuildPhase;
			buildActionMask = 2147483647;
			files = (
			);
			runOnlyForDeploymentPostprocessing = 0;
		};
		10A457561E844A9F00A6E782 /* Frameworks */ = {
			isa = PBXFrameworksBuildPhase;
			buildActionMask = 2147483647;
			files = (
			);
			runOnlyForDeploymentPostprocessing = 0;
		};
		10A457611E844A9F00A6E782 /* Frameworks */ = {
			isa = PBXFrameworksBuildPhase;
			buildActionMask = 2147483647;
			files = (
			);
			runOnlyForDeploymentPostprocessing = 0;
		};
/* End PBXFrameworksBuildPhase section */

/* Begin PBXGroup section */
		10A4573C1E844A9F00A6E782 = {
			isa = PBXGroup;
			children = (
				10A457471E844A9F00A6E782 /* 2DA_EVA_9_SEGUE */,
				10A4575C1E844A9F00A6E782 /* 2DA_EVA_9_SEGUETests */,
				10A457671E844A9F00A6E782 /* 2DA_EVA_9_SEGUEUITests */,
				10A457461E844A9F00A6E782 /* Products */,
			);
			sourceTree = "<group>";
		};
		10A457461E844A9F00A6E782 /* Products */ = {
			isa = PBXGroup;
			children = (
				10A457451E844A9F00A6E782 /* 2DA_EVA_9_SEGUE.app */,
				10A457591E844A9F00A6E782 /* 2DA_EVA_9_SEGUETests.xctest */,
				10A457641E844A9F00A6E782 /* 2DA_EVA_9_SEGUEUITests.xctest */,
			);
			name = Products;
			sourceTree = "<group>";
		};
		10A457471E844A9F00A6E782 /* 2DA_EVA_9_SEGUE */ = {
			isa = PBXGroup;
			children = (
				10A457481E844A9F00A6E782 /* AppDelegate.swift */,
				10A4574A1E844A9F00A6E782 /* ViewController.swift */,
				10A4574C1E844A9F00A6E782 /* Main.storyboard */,
				10A4574F1E844A9F00A6E782 /* Assets.xcassets */,
				10A457511E844A9F00A6E782 /* LaunchScreen.storyboard */,
				10A457541E844A9F00A6E782 /* Info.plist */,
				10A457761E844CD800A6E782 /* ViewControllerGreen.swift */,
			);
			path = 2DA_EVA_9_SEGUE;
			sourceTree = "<group>";
		};
		10A4575C1E844A9F00A6E782 /* 2DA_EVA_9_SEGUETests */ = {
			isa = PBXGroup;
			children = (
				10A4575D1E844A9F00A6E782 /* _DA_EVA_9_SEGUETests.swift */,
				10A4575F1E844A9F00A6E782 /* Info.plist */,
			);
			path = 2DA_EVA_9_SEGUETests;
			sourceTree = "<group>";
		};
		10A457671E844A9F00A6E782 /* 2DA_EVA_9_SEGUEUITests */ = {
			isa = PBXGroup;
			children = (
				10A457681E844A9F00A6E782 /* _DA_EVA_9_SEGUEUITests.swift */,
				10A4576A1E844A9F00A6E782 /* Info.plist */,
			);
			path = 2DA_EVA_9_SEGUEUITests;
			sourceTree = "<group>";
		};
/* End PBXGroup section */

/* Begin PBXNativeTarget section */
		10A457441E844A9F00A6E782 /* 2DA_EVA_9_SEGUE */ = {
			isa = PBXNativeTarget;
			buildConfigurationList = 10A4576D1E844A9F00A6E782 /* Build configuration list for PBXNativeTarget "2DA_EVA_9_SEGUE" */;
			buildPhases = (
				10A457411E844A9F00A6E782 /* Sources */,
				10A457421E844A9F00A6E782 /* Frameworks */,
				10A457431E844A9F00A6E782 /* Resources */,
			);
			buildRules = (
			);
			dependencies = (
			);
			name = 2DA_EVA_9_SEGUE;
			productName = 2DA_EVA_9_SEGUE;
			productReference = 10A457451E844A9F00A6E782 /* 2DA_EVA_9_SEGUE.app */;
			productType = "com.apple.product-type.application";
		};
		10A457581E844A9F00A6E782 /* 2DA_EVA_9_SEGUETests */ = {
			isa = PBXNativeTarget;
			buildConfigurationList = 10A457701E844A9F00A6E782 /* Build configuration list for PBXNativeTarget "2DA_EVA_9_SEGUETests" */;
			buildPhases = (
				10A457551E844A9F00A6E782 /* Sources */,
				10A457561E844A9F00A6E782 /* Frameworks */,
				10A457571E844A9F00A6E782 /* Resources */,
			);
			buildRules = (
			);
			dependencies = (
				10A4575B1E844A9F00A6E782 /* PBXTargetDependency */,
			);
			name = 2DA_EVA_9_SEGUETests;
			productName = 2DA_EVA_9_SEGUETests;
			productReference = 10A457591E844A9F00A6E782 /* 2DA_EVA_9_SEGUETests.xctest */;
			productType = "com.apple.product-type.bundle.unit-test";
		};
		10A457631E844A9F00A6E782 /* 2DA_EVA_9_SEGUEUITests */ = {
			isa = PBXNativeTarget;
			buildConfigurationList = 10A457731E844A9F00A6E782 /* Build configuration list for PBXNativeTarget "2DA_EVA_9_SEGUEUITests" */;
			buildPhases = (
				10A457601E844A9F00A6E782 /* Sources */,
				10A457611E844A9F00A6E782 /* Frameworks */,
				10A457621E844A9F00A6E782 /* Resources */,
			);
			buildRules = (
			);
			dependencies = (
				10A457661E844A9F00A6E782 /* PBXTargetDependency */,
			);
			name = 2DA_EVA_9_SEGUEUITests;
			productName = 2DA_EVA_9_SEGUEUITests;
			productReference = 10A457641E844A9F00A6E782 /* 2DA_EVA_9_SEGUEUITests.xctest */;
			productType = "com.apple.product-type.bundle.ui-testing";
		};
/* End PBXNativeTarget section */

/* Begin PBXProject section */
		10A4573D1E844A9F00A6E782 /* Project object */ = {
			isa = PBXProject;
			attributes = {
				LastSwiftUpdateCheck = 0730;
				LastUpgradeCheck = 0730;
				TargetAttributes = {
					10A457441E844A9F00A6E782 = {
						CreatedOnToolsVersion = 7.3.1;
					};
					10A457581E844A9F00A6E782 = {
						CreatedOnToolsVersion = 7.3.1;
						TestTargetID = 10A457441E844A9F00A6E782;
					};
					10A457631E844A9F00A6E782 = {
						CreatedOnToolsVersion = 7.3.1;
						TestTargetID = 10A457441E844A9F00A6E782;
					};
				};
			};
			buildConfigurationList = 10A457401E844A9F00A6E782 /* Build configuration list for PBXProject "2DA_EVA_9_SEGUE" */;
			compatibilityVersion = "Xcode 3.2";
			developmentRegion = English;
			hasScannedForEncodings = 0;
			knownRegions = (
				en,
				Base,
			);
			mainGroup = 10A4573C1E844A9F00A6E782;
			productRefGroup = 10A457461E844A9F00A6E782 /* Products */;
			projectDirPath = "";
			projectRoot = "";
			targets = (
				10A457441E844A9F00A6E782 /* 2DA_EVA_9_SEGUE */,
				10A457581E844A9F00A6E782 /* 2DA_EVA_9_SEGUETests */,
				10A457631E844A9F00A6E782 /* 2DA_EVA_9_SEGUEUITests */,
			);
		};
/* End PBXProject section */

/* Begin PBXResourcesBuildPhase section */
		10A457431E844A9F00A6E782 /* Resources */ = {
			isa = PBXResourcesBuildPhase;
			buildActionMask = 2147483647;
			files = (
				10A457531E844A9F00A6E782 /* LaunchScreen.storyboard in Resources */,
				10A457501E844A9F00A6E782 /* Assets.xcassets in Resources */,
				10A4574E1E844A9F00A6E782 /* Main.storyboard in Resources */,
			);
			runOnlyForDeploymentPostprocessing = 0;
		};
		10A457571E844A9F00A6E782 /* Resources */ = {
			isa = PBXResourcesBuildPhase;
			buildActionMask = 2147483647;
			files = (
			);
			runOnlyForDeploymentPostprocessing = 0;
		};
		10A457621E844A9F00A6E782 /* Resources */ = {
			isa = PBXResourcesBuildPhase;
			buildActionMask = 2147483647;
			files = (
			);
			runOnlyForDeploymentPostprocessing = 0;
		};
/* End PBXResourcesBuildPhase section */

/* Begin PBXSourcesBuildPhase section */
		10A457411E844A9F00A6E782 /* Sources */ = {
			isa = PBXSourcesBuildPhase;
			buildActionMask = 2147483647;
			files = (
				10A457771E844CD800A6E782 /* ViewControllerGreen.swift in Sources */,
				10A4574B1E844A9F00A6E782 /* ViewController.swift in Sources */,
				10A457491E844A9F00A6E782 /* AppDelegate.swift in Sources */,
			);
			runOnlyForDeploymentPostprocessing = 0;
		};
		10A457551E844A9F00A6E782 /* Sources */ = {
			isa = PBXSourcesBuildPhase;
			buildActionMask = 2147483647;
			files = (
				10A4575E1E844A9F00A6E782 /* _DA_EVA_9_SEGUETests.swift in Sources */,
			);
			runOnlyForDeploymentPostprocessing = 0;
		};
		10A457601E844A9F00A6E782 /* Sources */ = {
			isa = PBXSourcesBuildPhase;
			buildActionMask = 2147483647;
			files = (
				10A457691E844A9F00A6E782 /* _DA_EVA_9_SEGUEUITests.swift in Sources */,
			);
			runOnlyForDeploymentPostprocessing = 0;
		};
/* End PBXSourcesBuildPhase section */

/* Begin PBXTargetDependency section */
		10A4575B1E844A9F00A6E782 /* PBXTargetDependency */ = {
			isa = PBXTargetDependency;
			target = 10A457441E844A9F00A6E782 /* 2DA_EVA_9_SEGUE */;
			targetProxy = 10A4575A1E844A9F00A6E782 /* PBXContainerItemProxy */;
		};
		10A457661E844A9F00A6E782 /* PBXTargetDependency */ = {
			isa = PBXTargetDependency;
			target = 10A457441E844A9F00A6E782 /* 2DA_EVA_9_SEGUE */;
			targetProxy = 10A457651E844A9F00A6E782 /* PBXContainerItemProxy */;
		};
/* End PBXTargetDependency section */

/* Begin PBXVariantGroup section */
		10A4574C1E844A9F00A6E782 /* Main.storyboard */ = {
			isa = PBXVariantGroup;
			children = (
				10A4574D1E844A9F00A6E782 /* Base */,
			);
			name = Main.storyboard;
			sourceTree = "<group>";
		};
		10A457511E844A9F00A6E782 /* LaunchScreen.storyboard */ = {
			isa = PBXVariantGroup;
			children = (
				10A457521E844A9F00A6E782 /* Base */,
			);
			name = LaunchScreen.storyboard;
			sourceTree = "<group>";
		};
/* End PBXVariantGroup section */

/* Begin XCBuildConfiguration section */
		10A4576B1E844A9F00A6E782 /* Debug */ = {
			isa = XCBuildConfiguration;
			buildSettings = {
				ALWAYS_SEARCH_USER_PATHS = NO;
				CLANG_ANALYZER_NONNULL = YES;
				CLANG_CXX_LANGUAGE_STANDARD = "gnu++0x";
				CLANG_CXX_LIBRARY = "libc++";
				CLANG_ENABLE_MODULES = YES;
				CLANG_ENABLE_OBJC_ARC = YES;
				CLANG_WARN_BOOL_CONVERSION = YES;
				CLANG_WARN_CONSTANT_CONVERSION = YES;
				CLANG_WARN_DIRECT_OBJC_ISA_USAGE = YES_ERROR;
				CLANG_WARN_EMPTY_BODY = YES;
				CLANG_WARN_ENUM_CONVERSION = YES;
				CLANG_WARN_INT_CONVERSION = YES;
				CLANG_WARN_OBJC_ROOT_CLASS = YES_ERROR;
				CLANG_WARN_UNREACHABLE_CODE = YES;
				CLANG_WARN__DUPLICATE_METHOD_MATCH = YES;
				"CODE_SIGN_IDENTITY[sdk=iphoneos*]" = "iPhone Developer";
				COPY_PHASE_STRIP = NO;
				DEBUG_INFORMATION_FORMAT = dwarf;
				ENABLE_STRICT_OBJC_MSGSEND = YES;
				ENABLE_TESTABILITY = YES;
				GCC_C_LANGUAGE_STANDARD = gnu99;
				GCC_DYNAMIC_NO_PIC = NO;
				GCC_NO_COMMON_BLOCKS = YES;
				GCC_OPTIMIZATION_LEVEL = 0;
				GCC_PREPROCESSOR_DEFINITIONS = (
					"DEBUG=1",
					"$(inherited)",
				);
				GCC_WARN_64_TO_32_BIT_CONVERSION = YES;
				GCC_WARN_ABOUT_RETURN_TYPE = YES_ERROR;
				GCC_WARN_UNDECLARED_SELECTOR = YES;
				GCC_WARN_UNINITIALIZED_AUTOS = YES_AGGRESSIVE;
				GCC_WARN_UNUSED_FUNCTION = YES;
				GCC_WARN_UNUSED_VARIABLE = YES;
				IPHONEOS_DEPLOYMENT_TARGET = 9.3;
				MTL_ENABLE_DEBUG_INFO = YES;
				ONLY_ACTIVE_ARCH = YES;
				SDKROOT = iphoneos;
				SWIFT_OPTIMIZATION_LEVEL = "-Onone";
				TARGETED_DEVICE_FAMILY = "1,2";
			};
			name = Debug;
		};
		10A4576C1E844A9F00A6E782 /* Release */ = {
			isa = XCBuildConfiguration;
			buildSettings = {
				ALWAYS_SEARCH_USER_PATHS = NO;
				CLANG_ANALYZER_NONNULL = YES;
				CLANG_CXX_LANGUAGE_STANDARD = "gnu++0x";
				CLANG_CXX_LIBRARY = "libc++";
				CLANG_ENABLE_MODULES = YES;
				CLANG_ENABLE_OBJC_ARC = YES;
				CLANG_WARN_BOOL_CONVERSION = YES;
				CLANG_WARN_CONSTANT_CONVERSION = YES;
				CLANG_WARN_DIRECT_OBJC_ISA_USAGE = YES_ERROR;
				CLANG_WARN_EMPTY_BODY = YES;
				CLANG_WARN_ENUM_CONVERSION = YES;
				CLANG_WARN_INT_CONVERSION = YES;
				CLANG_WARN_OBJC_ROOT_CLASS = YES_ERROR;
				CLANG_WARN_UNREACHABLE_CODE = YES;
				CLANG_WARN__DUPLICATE_METHOD_MATCH = YES;
				"CODE_SIGN_IDENTITY[sdk=iphoneos*]" = "iPhone Developer";
				COPY_PHASE_STRIP = NO;
				DEBUG_INFORMATION_FORMAT = "dwarf-with-dsym";
				ENABLE_NS_ASSERTIONS = NO;
				ENABLE_STRICT_OBJC_MSGSEND = YES;
				GCC_C_LANGUAGE_STANDARD = gnu99;
				GCC_NO_COMMON_BLOCKS = YES;
				GCC_WARN_64_TO_32_BIT_CONVERSION = YES;
				GCC_WARN_ABOUT_RETURN_TYPE = YES_ERROR;
				GCC_WARN_UNDECLARED_SELECTOR = YES;
				GCC_WARN_UNINITIALIZED_AUTOS = YES_AGGRESSIVE;
				GCC_WARN_UNUSED_FUNCTION = YES;
				GCC_WARN_UNUSED_VARIABLE = YES;
				IPHONEOS_DEPLOYMENT_TARGET = 9.3;
				MTL_ENABLE_DEBUG_INFO = NO;
				SDKROOT = iphoneos;
				TARGETED_DEVICE_FAMILY = "1,2";
				VALIDATE_PRODUCT = YES;
			};
			name = Release;
		};
		10A4576E1E844A9F00A6E782 /* Debug */ = {
			isa = XCBuildConfiguration;
			buildSettings = {
				ASSETCATALOG_COMPILER_APPICON_NAME = AppIcon;
				INFOPLIST_FILE = 2DA_EVA_9_SEGUE/Info.plist;
				LD_RUNPATH_SEARCH_PATHS = "$(inherited) @executable_path/Frameworks";
				PRODUCT_BUNDLE_IDENTIFIER = "com.tec2.-DA-EVA-9-SEGUE";
				PRODUCT_NAME = "$(TARGET_NAME)";
			};
			name = Debug;
		};
		10A4576F1E844A9F00A6E782 /* Release */ = {
			isa = XCBuildConfiguration;
			buildSettings = {
				ASSETCATALOG_COMPILER_APPICON_NAME = AppIcon;
				INFOPLIST_FILE = 2DA_EVA_9_SEGUE/Info.plist;
				LD_RUNPATH_SEARCH_PATHS = "$(inherited) @executable_path/Frameworks";
				PRODUCT_BUNDLE_IDENTIFIER = "com.tec2.-DA-EVA-9-SEGUE";
				PRODUCT_NAME = "$(TARGET_NAME)";
			};
			name = Release;
		};
		10A457711E844A9F00A6E782 /* Debug */ = {
			isa = XCBuildConfiguration;
			buildSettings = {
				BUNDLE_LOADER = "$(TEST_HOST)";
				INFOPLIST_FILE = 2DA_EVA_9_SEGUETests/Info.plist;
				LD_RUNPATH_SEARCH_PATHS = "$(inherited) @executable_path/Frameworks @loader_path/Frameworks";
				PRODUCT_BUNDLE_IDENTIFIER = "com.tec2.-DA-EVA-9-SEGUETests";
				PRODUCT_NAME = "$(TARGET_NAME)";
				TEST_HOST = "$(BUILT_PRODUCTS_DIR)/2DA_EVA_9_SEGUE.app/2DA_EVA_9_SEGUE";
			};
			name = Debug;
		};
		10A457721E844A9F00A6E782 /* Release */ = {
			isa = XCBuildConfiguration;
			buildSettings = {
				BUNDLE_LOADER = "$(TEST_HOST)";
				INFOPLIST_FILE = 2DA_EVA_9_SEGUETests/Info.plist;
				LD_RUNPATH_SEARCH_PATHS = "$(inherited) @executable_path/Frameworks @loader_path/Frameworks";
				PRODUCT_BUNDLE_IDENTIFIER = "com.tec2.-DA-EVA-9-SEGUETests";
				PRODUCT_NAME = "$(TARGET_NAME)";
				TEST_HOST = "$(BUILT_PRODUCTS_DIR)/2DA_EVA_9_SEGUE.app/2DA_EVA_9_SEGUE";
			};
			name = Release;
		};
		10A457741E844A9F00A6E782 /* Debug */ = {
			isa = XCBuildConfiguration;
			buildSettings = {
				INFOPLIST_FILE = 2DA_EVA_9_SEGUEUITests/Info.plist;
				LD_RUNPATH_SEARCH_PATHS = "$(inherited) @executable_path/Frameworks @loader_path/Frameworks";
				PRODUCT_BUNDLE_IDENTIFIER = "com.tec2.-DA-EVA-9-SEGUEUITests";
				PRODUCT_NAME = "$(TARGET_NAME)";
				TEST_TARGET_NAME = 2DA_EVA_9_SEGUE;
			};
			name = Debug;
		};
		10A457751E844A9F00A6E782 /* Release */ = {
			isa = XCBuildConfiguration;
			buildSettings = {
				INFOPLIST_FILE = 2DA_EVA_9_SEGUEUITests/Info.plist;
				LD_RUNPATH_SEARCH_PATHS = "$(inherited) @executable_path/Frameworks @loader_path/Frameworks";
				PRODUCT_BUNDLE_IDENTIFIER = "com.tec2.-DA-EVA-9-SEGUEUITests";
				PRODUCT_NAME = "$(TARGET_NAME)";
				TEST_TARGET_NAME = 2DA_EVA_9_SEGUE;
			};
			name = Release;
		};
/* End XCBuildConfiguration section */

/* Begin XCConfigurationList section */
		10A457401E844A9F00A6E782 /* Build configuration list for PBXProject "2DA_EVA_9_SEGUE" */ = {
			isa = XCConfigurationList;
			buildConfigurations = (
				10A4576B1E844A9F00A6E782 /* Debug */,
				10A4576C1E844A9F00A6E782 /* Release */,
			);
			defaultConfigurationIsVisible = 0;
			defaultConfigurationName = Release;
		};
		10A4576D1E844A9F00A6E782 /* Build configuration list for PBXNativeTarget "2DA_EVA_9_SEGUE" */ = {
			isa = XCConfigurationList;
			buildConfigurations = (
				10A4576E1E844A9F00A6E782 /* Debug */,
				10A4576F1E844A9F00A6E782 /* Release */,
			);
			defaultConfigurationIsVisible = 0;
		};
		10A457701E844A9F00A6E782 /* Build configuration list for PBXNativeTarget "2DA_EVA_9_SEGUETests" */ = {
			isa = XCConfigurationList;
			buildConfigurations = (
				10A457711E844A9F00A6E782 /* Debug */,
				10A457721E844A9F00A6E782 /* Release */,
			);
			defaultConfigurationIsVisible = 0;
		};
		10A457731E844A9F00A6E782 /* Build configuration list for PBXNativeTarget "2DA_EVA_9_SEGUEUITests" */ = {
			isa = XCConfigurationList;
			buildConfigurations = (
				10A457741E844A9F00A6E782 /* Debug */,
				10A457751E844A9F00A6E782 /* Release */,
			);
			defaultConfigurationIsVisible = 0;
		};
/* End XCConfigurationList section */
	};
	rootObject = 10A4573D1E844A9F00A6E782 /* Project object */;
}
