// !$*UTF8*$!
{
	archiveVersion = 1;
	classes = {
	};
	objectVersion = 46;
	objects = {

/* Begin PBXBuildFile section */
		10AA68271E7AFF6A00D96962 /* AppDelegate.swift in Sources */ = {isa = PBXBuildFile; fileRef = 10AA68261E7AFF6A00D96962 /* AppDelegate.swift */; };
		10AA68291E7AFF6A00D96962 /* ViewController.swift in Sources */ = {isa = PBXBuildFile; fileRef = 10AA68281E7AFF6A00D96962 /* ViewController.swift */; };
		10AA682C1E7AFF6A00D96962 /* Main.storyboard in Resources */ = {isa = PBXBuildFile; fileRef = 10AA682A1E7AFF6A00D96962 /* Main.storyboard */; };
		10AA682E1E7AFF6A00D96962 /* Assets.xcassets in Resources */ = {isa = PBXBuildFile; fileRef = 10AA682D1E7AFF6A00D96962 /* Assets.xcassets */; };
		10AA68311E7AFF6A00D96962 /* LaunchScreen.storyboard in Resources */ = {isa = PBXBuildFile; fileRef = 10AA682F1E7AFF6A00D96962 /* LaunchScreen.storyboard */; };
		10AA683C1E7AFF6B00D96962 /* _DA_EVA_6_PickerViewTests.swift in Sources */ = {isa = PBXBuildFile; fileRef = 10AA683B1E7AFF6B00D96962 /* _DA_EVA_6_PickerViewTests.swift */; };
		10AA68471E7AFF6B00D96962 /* _DA_EVA_6_PickerViewUITests.swift in Sources */ = {isa = PBXBuildFile; fileRef = 10AA68461E7AFF6B00D96962 /* _DA_EVA_6_PickerViewUITests.swift */; };
/* End PBXBuildFile section */

/* Begin PBXContainerItemProxy section */
		10AA68381E7AFF6A00D96962 /* PBXContainerItemProxy */ = {
			isa = PBXContainerItemProxy;
			containerPortal = 10AA681B1E7AFF6A00D96962 /* Project object */;
			proxyType = 1;
			remoteGlobalIDString = 10AA68221E7AFF6A00D96962;
			remoteInfo = 2DA_EVA_6_PickerView;
		};
		10AA68431E7AFF6B00D96962 /* PBXContainerItemProxy */ = {
			isa = PBXContainerItemProxy;
			containerPortal = 10AA681B1E7AFF6A00D96962 /* Project object */;
			proxyType = 1;
			remoteGlobalIDString = 10AA68221E7AFF6A00D96962;
			remoteInfo = 2DA_EVA_6_PickerView;
		};
/* End PBXContainerItemProxy section */

/* Begin PBXFileReference section */
		10AA68231E7AFF6A00D96962 /* 2DA_EVA_6_PickerView.app */ = {isa = PBXFileReference; explicitFileType = wrapper.application; includeInIndex = 0; path = 2DA_EVA_6_PickerView.app; sourceTree = BUILT_PRODUCTS_DIR; };
		10AA68261E7AFF6A00D96962 /* AppDelegate.swift */ = {isa = PBXFileReference; lastKnownFileType = sourcecode.swift; path = AppDelegate.swift; sourceTree = "<group>"; };
		10AA68281E7AFF6A00D96962 /* ViewController.swift */ = {isa = PBXFileReference; lastKnownFileType = sourcecode.swift; path = ViewController.swift; sourceTree = "<group>"; };
		10AA682B1E7AFF6A00D96962 /* Base */ = {isa = PBXFileReference; lastKnownFileType = file.storyboard; name = Base; path = Base.lproj/Main.storyboard; sourceTree = "<group>"; };
		10AA682D1E7AFF6A00D96962 /* Assets.xcassets */ = {isa = PBXFileReference; lastKnownFileType = folder.assetcatalog; path = Assets.xcassets; sourceTree = "<group>"; };
		10AA68301E7AFF6A00D96962 /* Base */ = {isa = PBXFileReference; lastKnownFileType = file.storyboard; name = Base; path = Base.lproj/LaunchScreen.storyboard; sourceTree = "<group>"; };
		10AA68321E7AFF6A00D96962 /* Info.plist */ = {isa = PBXFileReference; lastKnownFileType = text.plist.xml; path = Info.plist; sourceTree = "<group>"; };
		10AA68371E7AFF6A00D96962 /* 2DA_EVA_6_PickerViewTests.xctest */ = {isa = PBXFileReference; explicitFileType = wrapper.cfbundle; includeInIndex = 0; path = 2DA_EVA_6_PickerViewTests.xctest; sourceTree = BUILT_PRODUCTS_DIR; };
		10AA683B1E7AFF6B00D96962 /* _DA_EVA_6_PickerViewTests.swift */ = {isa = PBXFileReference; lastKnownFileType = sourcecode.swift; path = _DA_EVA_6_PickerViewTests.swift; sourceTree = "<group>"; };
		10AA683D1E7AFF6B00D96962 /* Info.plist */ = {isa = PBXFileReference; lastKnownFileType = text.plist.xml; path = Info.plist; sourceTree = "<group>"; };
		10AA68421E7AFF6B00D96962 /* 2DA_EVA_6_PickerViewUITests.xctest */ = {isa = PBXFileReference; explicitFileType = wrapper.cfbundle; includeInIndex = 0; path = 2DA_EVA_6_PickerViewUITests.xctest; sourceTree = BUILT_PRODUCTS_DIR; };
		10AA68461E7AFF6B00D96962 /* _DA_EVA_6_PickerViewUITests.swift */ = {isa = PBXFileReference; lastKnownFileType = sourcecode.swift; path = _DA_EVA_6_PickerViewUITests.swift; sourceTree = "<group>"; };
		10AA68481E7AFF6B00D96962 /* Info.plist */ = {isa = PBXFileReference; lastKnownFileType = text.plist.xml; path = Info.plist; sourceTree = "<group>"; };
/* End PBXFileReference section */

/* Begin PBXFrameworksBuildPhase section */
		10AA68201E7AFF6A00D96962 /* Frameworks */ = {
			isa = PBXFrameworksBuildPhase;
			buildActionMask = 2147483647;
			files = (
			);
			runOnlyForDeploymentPostprocessing = 0;
		};
		10AA68341E7AFF6A00D96962 /* Frameworks */ = {
			isa = PBXFrameworksBuildPhase;
			buildActionMask = 2147483647;
			files = (
			);
			runOnlyForDeploymentPostprocessing = 0;
		};
		10AA683F1E7AFF6B00D96962 /* Frameworks */ = {
			isa = PBXFrameworksBuildPhase;
			buildActionMask = 2147483647;
			files = (
			);
			runOnlyForDeploymentPostprocessing = 0;
		};
/* End PBXFrameworksBuildPhase section */

/* Begin PBXGroup section */
		10AA681A1E7AFF6A00D96962 = {
			isa = PBXGroup;
			children = (
				10AA68251E7AFF6A00D96962 /* 2DA_EVA_6_PickerView */,
				10AA683A1E7AFF6B00D96962 /* 2DA_EVA_6_PickerViewTests */,
				10AA68451E7AFF6B00D96962 /* 2DA_EVA_6_PickerViewUITests */,
				10AA68241E7AFF6A00D96962 /* Products */,
			);
			sourceTree = "<group>";
		};
		10AA68241E7AFF6A00D96962 /* Products */ = {
			isa = PBXGroup;
			children = (
				10AA68231E7AFF6A00D96962 /* 2DA_EVA_6_PickerView.app */,
				10AA68371E7AFF6A00D96962 /* 2DA_EVA_6_PickerViewTests.xctest */,
				10AA68421E7AFF6B00D96962 /* 2DA_EVA_6_PickerViewUITests.xctest */,
			);
			name = Products;
			sourceTree = "<group>";
		};
		10AA68251E7AFF6A00D96962 /* 2DA_EVA_6_PickerView */ = {
			isa = PBXGroup;
			children = (
				10AA68261E7AFF6A00D96962 /* AppDelegate.swift */,
				10AA68281E7AFF6A00D96962 /* ViewController.swift */,
				10AA682A1E7AFF6A00D96962 /* Main.storyboard */,
				10AA682D1E7AFF6A00D96962 /* Assets.xcassets */,
				10AA682F1E7AFF6A00D96962 /* LaunchScreen.storyboard */,
				10AA68321E7AFF6A00D96962 /* Info.plist */,
			);
			path = 2DA_EVA_6_PickerView;
			sourceTree = "<group>";
		};
		10AA683A1E7AFF6B00D96962 /* 2DA_EVA_6_PickerViewTests */ = {
			isa = PBXGroup;
			children = (
				10AA683B1E7AFF6B00D96962 /* _DA_EVA_6_PickerViewTests.swift */,
				10AA683D1E7AFF6B00D96962 /* Info.plist */,
			);
			path = 2DA_EVA_6_PickerViewTests;
			sourceTree = "<group>";
		};
		10AA68451E7AFF6B00D96962 /* 2DA_EVA_6_PickerViewUITests */ = {
			isa = PBXGroup;
			children = (
				10AA68461E7AFF6B00D96962 /* _DA_EVA_6_PickerViewUITests.swift */,
				10AA68481E7AFF6B00D96962 /* Info.plist */,
			);
			path = 2DA_EVA_6_PickerViewUITests;
			sourceTree = "<group>";
		};
/* End PBXGroup section */

/* Begin PBXNativeTarget section */
		10AA68221E7AFF6A00D96962 /* 2DA_EVA_6_PickerView */ = {
			isa = PBXNativeTarget;
			buildConfigurationList = 10AA684B1E7AFF6B00D96962 /* Build configuration list for PBXNativeTarget "2DA_EVA_6_PickerView" */;
			buildPhases = (
				10AA681F1E7AFF6A00D96962 /* Sources */,
				10AA68201E7AFF6A00D96962 /* Frameworks */,
				10AA68211E7AFF6A00D96962 /* Resources */,
			);
			buildRules = (
			);
			dependencies = (
			);
			name = 2DA_EVA_6_PickerView;
			productName = 2DA_EVA_6_PickerView;
			productReference = 10AA68231E7AFF6A00D96962 /* 2DA_EVA_6_PickerView.app */;
			productType = "com.apple.product-type.application";
		};
		10AA68361E7AFF6A00D96962 /* 2DA_EVA_6_PickerViewTests */ = {
			isa = PBXNativeTarget;
			buildConfigurationList = 10AA684E1E7AFF6B00D96962 /* Build configuration list for PBXNativeTarget "2DA_EVA_6_PickerViewTests" */;
			buildPhases = (
				10AA68331E7AFF6A00D96962 /* Sources */,
				10AA68341E7AFF6A00D96962 /* Frameworks */,
				10AA68351E7AFF6A00D96962 /* Resources */,
			);
			buildRules = (
			);
			dependencies = (
				10AA68391E7AFF6A00D96962 /* PBXTargetDependency */,
			);
			name = 2DA_EVA_6_PickerViewTests;
			productName = 2DA_EVA_6_PickerViewTests;
			productReference = 10AA68371E7AFF6A00D96962 /* 2DA_EVA_6_PickerViewTests.xctest */;
			productType = "com.apple.product-type.bundle.unit-test";
		};
		10AA68411E7AFF6B00D96962 /* 2DA_EVA_6_PickerViewUITests */ = {
			isa = PBXNativeTarget;
			buildConfigurationList = 10AA68511E7AFF6B00D96962 /* Build configuration list for PBXNativeTarget "2DA_EVA_6_PickerViewUITests" */;
			buildPhases = (
				10AA683E1E7AFF6B00D96962 /* Sources */,
				10AA683F1E7AFF6B00D96962 /* Frameworks */,
				10AA68401E7AFF6B00D96962 /* Resources */,
			);
			buildRules = (
			);
			dependencies = (
				10AA68441E7AFF6B00D96962 /* PBXTargetDependency */,
			);
			name = 2DA_EVA_6_PickerViewUITests;
			productName = 2DA_EVA_6_PickerViewUITests;
			productReference = 10AA68421E7AFF6B00D96962 /* 2DA_EVA_6_PickerViewUITests.xctest */;
			productType = "com.apple.product-type.bundle.ui-testing";
		};
/* End PBXNativeTarget section */

/* Begin PBXProject section */
		10AA681B1E7AFF6A00D96962 /* Project object */ = {
			isa = PBXProject;
			attributes = {
				LastSwiftUpdateCheck = 0730;
				LastUpgradeCheck = 0730;
				TargetAttributes = {
					10AA68221E7AFF6A00D96962 = {
						CreatedOnToolsVersion = 7.3.1;
					};
					10AA68361E7AFF6A00D96962 = {
						CreatedOnToolsVersion = 7.3.1;
						TestTargetID = 10AA68221E7AFF6A00D96962;
					};
					10AA68411E7AFF6B00D96962 = {
						CreatedOnToolsVersion = 7.3.1;
						TestTargetID = 10AA68221E7AFF6A00D96962;
					};
				};
			};
			buildConfigurationList = 10AA681E1E7AFF6A00D96962 /* Build configuration list for PBXProject "2DA_EVA_6_PickerView" */;
			compatibilityVersion = "Xcode 3.2";
			developmentRegion = English;
			hasScannedForEncodings = 0;
			knownRegions = (
				en,
				Base,
			);
			mainGroup = 10AA681A1E7AFF6A00D96962;
			productRefGroup = 10AA68241E7AFF6A00D96962 /* Products */;
			projectDirPath = "";
			projectRoot = "";
			targets = (
				10AA68221E7AFF6A00D96962 /* 2DA_EVA_6_PickerView */,
				10AA68361E7AFF6A00D96962 /* 2DA_EVA_6_PickerViewTests */,
				10AA68411E7AFF6B00D96962 /* 2DA_EVA_6_PickerViewUITests */,
			);
		};
/* End PBXProject section */

/* Begin PBXResourcesBuildPhase section */
		10AA68211E7AFF6A00D96962 /* Resources */ = {
			isa = PBXResourcesBuildPhase;
			buildActionMask = 2147483647;
			files = (
				10AA68311E7AFF6A00D96962 /* LaunchScreen.storyboard in Resources */,
				10AA682E1E7AFF6A00D96962 /* Assets.xcassets in Resources */,
				10AA682C1E7AFF6A00D96962 /* Main.storyboard in Resources */,
			);
			runOnlyForDeploymentPostprocessing = 0;
		};
		10AA68351E7AFF6A00D96962 /* Resources */ = {
			isa = PBXResourcesBuildPhase;
			buildActionMask = 2147483647;
			files = (
			);
			runOnlyForDeploymentPostprocessing = 0;
		};
		10AA68401E7AFF6B00D96962 /* Resources */ = {
			isa = PBXResourcesBuildPhase;
			buildActionMask = 2147483647;
			files = (
			);
			runOnlyForDeploymentPostprocessing = 0;
		};
/* End PBXResourcesBuildPhase section */

/* Begin PBXSourcesBuildPhase section */
		10AA681F1E7AFF6A00D96962 /* Sources */ = {
			isa = PBXSourcesBuildPhase;
			buildActionMask = 2147483647;
			files = (
				10AA68291E7AFF6A00D96962 /* ViewController.swift in Sources */,
				10AA68271E7AFF6A00D96962 /* AppDelegate.swift in Sources */,
			);
			runOnlyForDeploymentPostprocessing = 0;
		};
		10AA68331E7AFF6A00D96962 /* Sources */ = {
			isa = PBXSourcesBuildPhase;
			buildActionMask = 2147483647;
			files = (
				10AA683C1E7AFF6B00D96962 /* _DA_EVA_6_PickerViewTests.swift in Sources */,
			);
			runOnlyForDeploymentPostprocessing = 0;
		};
		10AA683E1E7AFF6B00D96962 /* Sources */ = {
			isa = PBXSourcesBuildPhase;
			buildActionMask = 2147483647;
			files = (
				10AA68471E7AFF6B00D96962 /* _DA_EVA_6_PickerViewUITests.swift in Sources */,
			);
			runOnlyForDeploymentPostprocessing = 0;
		};
/* End PBXSourcesBuildPhase section */

/* Begin PBXTargetDependency section */
		10AA68391E7AFF6A00D96962 /* PBXTargetDependency */ = {
			isa = PBXTargetDependency;
			target = 10AA68221E7AFF6A00D96962 /* 2DA_EVA_6_PickerView */;
			targetProxy = 10AA68381E7AFF6A00D96962 /* PBXContainerItemProxy */;
		};
		10AA68441E7AFF6B00D96962 /* PBXTargetDependency */ = {
			isa = PBXTargetDependency;
			target = 10AA68221E7AFF6A00D96962 /* 2DA_EVA_6_PickerView */;
			targetProxy = 10AA68431E7AFF6B00D96962 /* PBXContainerItemProxy */;
		};
/* End PBXTargetDependency section */

/* Begin PBXVariantGroup section */
		10AA682A1E7AFF6A00D96962 /* Main.storyboard */ = {
			isa = PBXVariantGroup;
			children = (
				10AA682B1E7AFF6A00D96962 /* Base */,
			);
			name = Main.storyboard;
			sourceTree = "<group>";
		};
		10AA682F1E7AFF6A00D96962 /* LaunchScreen.storyboard */ = {
			isa = PBXVariantGroup;
			children = (
				10AA68301E7AFF6A00D96962 /* Base */,
			);
			name = LaunchScreen.storyboard;
			sourceTree = "<group>";
		};
/* End PBXVariantGroup section */

/* Begin XCBuildConfiguration section */
		10AA68491E7AFF6B00D96962 /* Debug */ = {
			isa = XCBuildConfiguration;
			buildSettings = {
				ALWAYS_SEARCH_USER_PATHS = NO;
				CLANG_ANALYZER_NONNULL = YES;
				CLANG_CXX_LANGUAGE_STANDARD = "gnu++0x";
				CLANG_CXX_LIBRARY = "libc++";
				CLANG_ENABLE_MODULES = YES;
				CLANG_ENABLE_OBJC_ARC = YES;
				CLANG_WARN_BOOL_CONVERSION = YES;
				CLANG_WARN_CONSTANT_CONVERSION = YES;
				CLANG_WARN_DIRECT_OBJC_ISA_USAGE = YES_ERROR;
				CLANG_WARN_EMPTY_BODY = YES;
				CLANG_WARN_ENUM_CONVERSION = YES;
				CLANG_WARN_INT_CONVERSION = YES;
				CLANG_WARN_OBJC_ROOT_CLASS = YES_ERROR;
				CLANG_WARN_UNREACHABLE_CODE = YES;
				CLANG_WARN__DUPLICATE_METHOD_MATCH = YES;
				"CODE_SIGN_IDENTITY[sdk=iphoneos*]" = "iPhone Developer";
				COPY_PHASE_STRIP = NO;
				DEBUG_INFORMATION_FORMAT = dwarf;
				ENABLE_STRICT_OBJC_MSGSEND = YES;
				ENABLE_TESTABILITY = YES;
				GCC_C_LANGUAGE_STANDARD = gnu99;
				GCC_DYNAMIC_NO_PIC = NO;
				GCC_NO_COMMON_BLOCKS = YES;
				GCC_OPTIMIZATION_LEVEL = 0;
				GCC_PREPROCESSOR_DEFINITIONS = (
					"DEBUG=1",
					"$(inherited)",
				);
				GCC_WARN_64_TO_32_BIT_CONVERSION = YES;
				GCC_WARN_ABOUT_RETURN_TYPE = YES_ERROR;
				GCC_WARN_UNDECLARED_SELECTOR = YES;
				GCC_WARN_UNINITIALIZED_AUTOS = YES_AGGRESSIVE;
				GCC_WARN_UNUSED_FUNCTION = YES;
				GCC_WARN_UNUSED_VARIABLE = YES;
				IPHONEOS_DEPLOYMENT_TARGET = 9.3;
				MTL_ENABLE_DEBUG_INFO = YES;
				ONLY_ACTIVE_ARCH = YES;
				SDKROOT = iphoneos;
				SWIFT_OPTIMIZATION_LEVEL = "-Onone";
				TARGETED_DEVICE_FAMILY = "1,2";
			};
			name = Debug;
		};
		10AA684A1E7AFF6B00D96962 /* Release */ = {
			isa = XCBuildConfiguration;
			buildSettings = {
				ALWAYS_SEARCH_USER_PATHS = NO;
				CLANG_ANALYZER_NONNULL = YES;
				CLANG_CXX_LANGUAGE_STANDARD = "gnu++0x";
				CLANG_CXX_LIBRARY = "libc++";
				CLANG_ENABLE_MODULES = YES;
				CLANG_ENABLE_OBJC_ARC = YES;
				CLANG_WARN_BOOL_CONVERSION = YES;
				CLANG_WARN_CONSTANT_CONVERSION = YES;
				CLANG_WARN_DIRECT_OBJC_ISA_USAGE = YES_ERROR;
				CLANG_WARN_EMPTY_BODY = YES;
				CLANG_WARN_ENUM_CONVERSION = YES;
				CLANG_WARN_INT_CONVERSION = YES;
				CLANG_WARN_OBJC_ROOT_CLASS = YES_ERROR;
				CLANG_WARN_UNREACHABLE_CODE = YES;
				CLANG_WARN__DUPLICATE_METHOD_MATCH = YES;
				"CODE_SIGN_IDENTITY[sdk=iphoneos*]" = "iPhone Developer";
				COPY_PHASE_STRIP = NO;
				DEBUG_INFORMATION_FORMAT = "dwarf-with-dsym";
				ENABLE_NS_ASSERTIONS = NO;
				ENABLE_STRICT_OBJC_MSGSEND = YES;
				GCC_C_LANGUAGE_STANDARD = gnu99;
				GCC_NO_COMMON_BLOCKS = YES;
				GCC_WARN_64_TO_32_BIT_CONVERSION = YES;
				GCC_WARN_ABOUT_RETURN_TYPE = YES_ERROR;
				GCC_WARN_UNDECLARED_SELECTOR = YES;
				GCC_WARN_UNINITIALIZED_AUTOS = YES_AGGRESSIVE;
				GCC_WARN_UNUSED_FUNCTION = YES;
				GCC_WARN_UNUSED_VARIABLE = YES;
				IPHONEOS_DEPLOYMENT_TARGET = 9.3;
				MTL_ENABLE_DEBUG_INFO = NO;
				SDKROOT = iphoneos;
				TARGETED_DEVICE_FAMILY = "1,2";
				VALIDATE_PRODUCT = YES;
			};
			name = Release;
		};
		10AA684C1E7AFF6B00D96962 /* Debug */ = {
			isa = XCBuildConfiguration;
			buildSettings = {
				ASSETCATALOG_COMPILER_APPICON_NAME = AppIcon;
				INFOPLIST_FILE = 2DA_EVA_6_PickerView/Info.plist;
				LD_RUNPATH_SEARCH_PATHS = "$(inherited) @executable_path/Frameworks";
				PRODUCT_BUNDLE_IDENTIFIER = "com.tec2.-DA-EVA-6-PickerView";
				PRODUCT_NAME = "$(TARGET_NAME)";
			};
			name = Debug;
		};
		10AA684D1E7AFF6B00D96962 /* Release */ = {
			isa = XCBuildConfiguration;
			buildSettings = {
				ASSETCATALOG_COMPILER_APPICON_NAME = AppIcon;
				INFOPLIST_FILE = 2DA_EVA_6_PickerView/Info.plist;
				LD_RUNPATH_SEARCH_PATHS = "$(inherited) @executable_path/Frameworks";
				PRODUCT_BUNDLE_IDENTIFIER = "com.tec2.-DA-EVA-6-PickerView";
				PRODUCT_NAME = "$(TARGET_NAME)";
			};
			name = Release;
		};
		10AA684F1E7AFF6B00D96962 /* Debug */ = {
			isa = XCBuildConfiguration;
			buildSettings = {
				BUNDLE_LOADER = "$(TEST_HOST)";
				INFOPLIST_FILE = 2DA_EVA_6_PickerViewTests/Info.plist;
				LD_RUNPATH_SEARCH_PATHS = "$(inherited) @executable_path/Frameworks @loader_path/Frameworks";
				PRODUCT_BUNDLE_IDENTIFIER = "com.tec2.-DA-EVA-6-PickerViewTests";
				PRODUCT_NAME = "$(TARGET_NAME)";
				TEST_HOST = "$(BUILT_PRODUCTS_DIR)/2DA_EVA_6_PickerView.app/2DA_EVA_6_PickerView";
			};
			name = Debug;
		};
		10AA68501E7AFF6B00D96962 /* Release */ = {
			isa = XCBuildConfiguration;
			buildSettings = {
				BUNDLE_LOADER = "$(TEST_HOST)";
				INFOPLIST_FILE = 2DA_EVA_6_PickerViewTests/Info.plist;
				LD_RUNPATH_SEARCH_PATHS = "$(inherited) @executable_path/Frameworks @loader_path/Frameworks";
				PRODUCT_BUNDLE_IDENTIFIER = "com.tec2.-DA-EVA-6-PickerViewTests";
				PRODUCT_NAME = "$(TARGET_NAME)";
				TEST_HOST = "$(BUILT_PRODUCTS_DIR)/2DA_EVA_6_PickerView.app/2DA_EVA_6_PickerView";
			};
			name = Release;
		};
		10AA68521E7AFF6B00D96962 /* Debug */ = {
			isa = XCBuildConfiguration;
			buildSettings = {
				INFOPLIST_FILE = 2DA_EVA_6_PickerViewUITests/Info.plist;
				LD_RUNPATH_SEARCH_PATHS = "$(inherited) @executable_path/Frameworks @loader_path/Frameworks";
				PRODUCT_BUNDLE_IDENTIFIER = "com.tec2.-DA-EVA-6-PickerViewUITests";
				PRODUCT_NAME = "$(TARGET_NAME)";
				TEST_TARGET_NAME = 2DA_EVA_6_PickerView;
			};
			name = Debug;
		};
		10AA68531E7AFF6B00D96962 /* Release */ = {
			isa = XCBuildConfiguration;
			buildSettings = {
				INFOPLIST_FILE = 2DA_EVA_6_PickerViewUITests/Info.plist;
				LD_RUNPATH_SEARCH_PATHS = "$(inherited) @executable_path/Frameworks @loader_path/Frameworks";
				PRODUCT_BUNDLE_IDENTIFIER = "com.tec2.-DA-EVA-6-PickerViewUITests";
				PRODUCT_NAME = "$(TARGET_NAME)";
				TEST_TARGET_NAME = 2DA_EVA_6_PickerView;
			};
			name = Release;
		};
/* End XCBuildConfiguration section */

/* Begin XCConfigurationList section */
		10AA681E1E7AFF6A00D96962 /* Build configuration list for PBXProject "2DA_EVA_6_PickerView" */ = {
			isa = XCConfigurationList;
			buildConfigurations = (
				10AA68491E7AFF6B00D96962 /* Debug */,
				10AA684A1E7AFF6B00D96962 /* Release */,
			);
			defaultConfigurationIsVisible = 0;
			defaultConfigurationName = Release;
		};
		10AA684B1E7AFF6B00D96962 /* Build configuration list for PBXNativeTarget "2DA_EVA_6_PickerView" */ = {
			isa = XCConfigurationList;
			buildConfigurations = (
				10AA684C1E7AFF6B00D96962 /* Debug */,
				10AA684D1E7AFF6B00D96962 /* Release */,
			);
			defaultConfigurationIsVisible = 0;
		};
		10AA684E1E7AFF6B00D96962 /* Build configuration list for PBXNativeTarget "2DA_EVA_6_PickerViewTests" */ = {
			isa = XCConfigurationList;
			buildConfigurations = (
				10AA684F1E7AFF6B00D96962 /* Debug */,
				10AA68501E7AFF6B00D96962 /* Release */,
			);
			defaultConfigurationIsVisible = 0;
		};
		10AA68511E7AFF6B00D96962 /* Build configuration list for PBXNativeTarget "2DA_EVA_6_PickerViewUITests" */ = {
			isa = XCConfigurationList;
			buildConfigurations = (
				10AA68521E7AFF6B00D96962 /* Debug */,
				10AA68531E7AFF6B00D96962 /* Release */,
			);
			defaultConfigurationIsVisible = 0;
		};
/* End XCConfigurationList section */
	};
	rootObject = 10AA681B1E7AFF6A00D96962 /* Project object */;
}
